
Microsoft Visual Studio Solution File, Format Version 12.00
# Visual Studio 15
VisualStudioVersion = 15.0.27130.2027
MinimumVisualStudioVersion = 10.0.40219.1
Project("{FAE04EC0-301F-11D3-BF4B-00C04F79EFBC}") = "CityInfo.API", "CityInfo.API\CityInfo.API.csproj", "{9C0F4B68-E51F-4A9B-BBA0-806112C5DAA3}"
EndProject
Global
	GlobalSection(SolutionConfigurationPlatforms) = preSolution
		Debug|Any CPU = Debug|Any CPU
		Release|Any CPU = Release|Any CPU
	EndGlobalSection
	GlobalSection(ProjectConfigurationPlatforms) = postSolution
		{9C0F4B68-E51F-4A9B-BBA0-806112C5DAA3}.Debug|Any CPU.ActiveCfg = Debug|Any CPU
		{9C0F4B68-E51F-4A9B-BBA0-806112C5DAA3}.Debug|Any CPU.Build.0 = Debug|Any CPU
		{9C0F4B68-E51F-4A9B-BBA0-806112C5DAA3}.Release|Any CPU.ActiveCfg = Release|Any CPU
		{9C0F4B68-E51F-4A9B-BBA0-806112C5DAA3}.Release|Any CPU.Build.0 = Release|Any CPU
	EndGlobalSection
	GlobalSection(SolutionProperties) = preSolution
		HideSolutionNode = FALSE
	EndGlobalSection
	GlobalSection(ExtensibilityGlobals) = postSolution
		SolutionGuid = {28D07C20-735B-4CEC-8471-DD284911AAFF}
	EndGlobalSection
EndGlobal
